<Solution>
  <Project Path="DataAggregator/DataAggregator.csproj" />
  <Project Path="DataCollector/DataCollector.csproj" />
  <Project Path="DataGenerator/DataGenerator.csproj" />
  <Project Path="DataStorage/DataStorage.csproj" Id="699d7749-f93c-45a2-b6e5-f2e2f9a61301" />
  <Project Path="SafetyMonitorView/SafetyMonitorView.csproj" />
</Solution>
